{
  "name": "omo-tmux-dag",
  "version": "0.1.1",
  "lockfileVersion": 3,
  "requires": true,
  "packages": {
    "": {
      "name": "omo-tmux-dag",
      "version": "0.1.1",
      "license": "MIT",
      "bin": {
        "omo-tmux-dag": "bin/omo-tmux-dag.mjs"
      },
      "engines": {
        "node": ">=24"
      }
    }
  }
}
